
Microsoft Visual Studio Solution File, Format Version 12.00
# Visual Studio Version 17
VisualStudioVersion = 17.4.33205.214
MinimumVisualStudioVersion = 10.0.40219.1
Project("{2150E333-8FDC-42A3-9474-1A3956D46DE8}") = "src", "src", "{4F311F7F-6DB7-4F73-B72A-3893A8496788}"
EndProject
Project("{2150E333-8FDC-42A3-9474-1A3956D46DE8}") = "tests", "tests", "{6C01E311-09E7-46AA-BE36-059C65A2EA83}"
EndProject
Project("{9A19103F-16F7-4668-BE54-9A1E7A4F7556}") = "Fta.DemoFunc.Api", "src\Fta.DemoFunc.Api\Fta.DemoFunc.Api.csproj", "{5126B44E-3E17-42D0-80CC-278DD8DB96A5}"
EndProject
Project("{FAE04EC0-301F-11D3-BF4B-00C04F79EFBC}") = "Fta.DemoFunc.Api.Tests.Unit", "tests\Fta.DemoFunc.Api.Tests.Unit\Fta.DemoFunc.Api.Tests.Unit.csproj", "{171D1C72-D240-402C-906B-3A9CA7A83B00}"
EndProject
Project("{FAE04EC0-301F-11D3-BF4B-00C04F79EFBC}") = "Fta.DemoFunc.Api.Tests.Integration", "tests\Fta.DemoFunc.Api.Tests.Integration\Fta.DemoFunc.Api.Tests.Integration.csproj", "{C1F0C7A1-4C73-4554-B2E2-40F19DB52328}"
EndProject
Global
	GlobalSection(SolutionConfigurationPlatforms) = preSolution
		Debug|Any CPU = Debug|Any CPU
		Release|Any CPU = Release|Any CPU
	EndGlobalSection
	GlobalSection(ProjectConfigurationPlatforms) = postSolution
		{5126B44E-3E17-42D0-80CC-278DD8DB96A5}.Debug|Any CPU.ActiveCfg = Debug|Any CPU
		{5126B44E-3E17-42D0-80CC-278DD8DB96A5}.Debug|Any CPU.Build.0 = Debug|Any CPU
		{5126B44E-3E17-42D0-80CC-278DD8DB96A5}.Release|Any CPU.ActiveCfg = Release|Any CPU
		{5126B44E-3E17-42D0-80CC-278DD8DB96A5}.Release|Any CPU.Build.0 = Release|Any CPU
		{171D1C72-D240-402C-906B-3A9CA7A83B00}.Debug|Any CPU.ActiveCfg = Debug|Any CPU
		{171D1C72-D240-402C-906B-3A9CA7A83B00}.Debug|Any CPU.Build.0 = Debug|Any CPU
		{171D1C72-D240-402C-906B-3A9CA7A83B00}.Release|Any CPU.ActiveCfg = Release|Any CPU
		{171D1C72-D240-402C-906B-3A9CA7A83B00}.Release|Any CPU.Build.0 = Release|Any CPU
		{C1F0C7A1-4C73-4554-B2E2-40F19DB52328}.Debug|Any CPU.ActiveCfg = Debug|Any CPU
		{C1F0C7A1-4C73-4554-B2E2-40F19DB52328}.Debug|Any CPU.Build.0 = Debug|Any CPU
		{C1F0C7A1-4C73-4554-B2E2-40F19DB52328}.Release|Any CPU.ActiveCfg = Release|Any CPU
		{C1F0C7A1-4C73-4554-B2E2-40F19DB52328}.Release|Any CPU.Build.0 = Release|Any CPU
	EndGlobalSection
	GlobalSection(SolutionProperties) = preSolution
		HideSolutionNode = FALSE
	EndGlobalSection
	GlobalSection(NestedProjects) = preSolution
		{5126B44E-3E17-42D0-80CC-278DD8DB96A5} = {4F311F7F-6DB7-4F73-B72A-3893A8496788}
		{171D1C72-D240-402C-906B-3A9CA7A83B00} = {6C01E311-09E7-46AA-BE36-059C65A2EA83}
		{C1F0C7A1-4C73-4554-B2E2-40F19DB52328} = {6C01E311-09E7-46AA-BE36-059C65A2EA83}
	EndGlobalSection
	GlobalSection(ExtensibilityGlobals) = postSolution
		SolutionGuid = {F410718E-26E7-4467-9A99-BFF68FC96207}
	EndGlobalSection
EndGlobal
